// !$*UTF8*$!
{
	archiveVersion = 1;
	classes = {
	};
	objectVersion = 46;
	objects = {

/* Begin PBXBuildFile section */
		1663A5F61AB516890031F7C8 /* AppDelegate.swift in Sources */ = {isa = PBXBuildFile; fileRef = 1663A5F51AB516890031F7C8 /* AppDelegate.swift */; };
		1663A5F81AB516890031F7C8 /* ViewController.swift in Sources */ = {isa = PBXBuildFile; fileRef = 1663A5F71AB516890031F7C8 /* ViewController.swift */; };
		1663A5FB1AB516890031F7C8 /* Main.storyboard in Resources */ = {isa = PBXBuildFile; fileRef = 1663A5F91AB516890031F7C8 /* Main.storyboard */; };
		1663A5FD1AB516890031F7C8 /* Images.xcassets in Resources */ = {isa = PBXBuildFile; fileRef = 1663A5FC1AB516890031F7C8 /* Images.xcassets */; };
		1663A6001AB516890031F7C8 /* LaunchScreen.xib in Resources */ = {isa = PBXBuildFile; fileRef = 1663A5FE1AB516890031F7C8 /* LaunchScreen.xib */; };
		1663A60C1AB5168A0031F7C8 /* MemolTests.swift in Sources */ = {isa = PBXBuildFile; fileRef = 1663A60B1AB5168A0031F7C8 /* MemolTests.swift */; };
/* End PBXBuildFile section */

/* Begin PBXContainerItemProxy section */
		1663A6061AB5168A0031F7C8 /* PBXContainerItemProxy */ = {
			isa = PBXContainerItemProxy;
			containerPortal = 1663A5E81AB516890031F7C8 /* Project object */;
			proxyType = 1;
			remoteGlobalIDString = 1663A5EF1AB516890031F7C8;
			remoteInfo = Memol;
		};
/* End PBXContainerItemProxy section */

/* Begin PBXFileReference section */
		1663A5F01AB516890031F7C8 /* Memol.app */ = {isa = PBXFileReference; explicitFileType = wrapper.application; includeInIndex = 0; path = Memol.app; sourceTree = BUILT_PRODUCTS_DIR; };
		1663A5F41AB516890031F7C8 /* Info.plist */ = {isa = PBXFileReference; lastKnownFileType = text.plist.xml; path = Info.plist; sourceTree = "<group>"; };
		1663A5F51AB516890031F7C8 /* AppDelegate.swift */ = {isa = PBXFileReference; lastKnownFileType = sourcecode.swift; path = AppDelegate.swift; sourceTree = "<group>"; };
		1663A5F71AB516890031F7C8 /* ViewController.swift */ = {isa = PBXFileReference; lastKnownFileType = sourcecode.swift; path = ViewController.swift; sourceTree = "<group>"; };
		1663A5FA1AB516890031F7C8 /* Base */ = {isa = PBXFileReference; lastKnownFileType = file.storyboard; name = Base; path = Base.lproj/Main.storyboard; sourceTree = "<group>"; };
		1663A5FC1AB516890031F7C8 /* Images.xcassets */ = {isa = PBXFileReference; lastKnownFileType = folder.assetcatalog; path = Images.xcassets; sourceTree = "<group>"; };
		1663A5FF1AB516890031F7C8 /* Base */ = {isa = PBXFileReference; lastKnownFileType = file.xib; name = Base; path = Base.lproj/LaunchScreen.xib; sourceTree = "<group>"; };
		1663A6051AB5168A0031F7C8 /* MemolTests.xctest */ = {isa = PBXFileReference; explicitFileType = wrapper.cfbundle; includeInIndex = 0; path = MemolTests.xctest; sourceTree = BUILT_PRODUCTS_DIR; };
		1663A60A1AB5168A0031F7C8 /* Info.plist */ = {isa = PBXFileReference; lastKnownFileType = text.plist.xml; path = Info.plist; sourceTree = "<group>"; };
		1663A60B1AB5168A0031F7C8 /* MemolTests.swift */ = {isa = PBXFileReference; lastKnownFileType = sourcecode.swift; path = MemolTests.swift; sourceTree = "<group>"; };
/* End PBXFileReference section */

/* Begin PBXFrameworksBuildPhase section */
		1663A5ED1AB516890031F7C8 /* Frameworks */ = {
			isa = PBXFrameworksBuildPhase;
			buildActionMask = 2147483647;
			files = (
			);
			runOnlyForDeploymentPostprocessing = 0;
		};
		1663A6021AB5168A0031F7C8 /* Frameworks */ = {
			isa = PBXFrameworksBuildPhase;
			buildActionMask = 2147483647;
			files = (
			);
			runOnlyForDeploymentPostprocessing = 0;
		};
/* End PBXFrameworksBuildPhase section */

/* Begin PBXGroup section */
		1663A5E71AB516890031F7C8 = {
			isa = PBXGroup;
			children = (
				1663A5F21AB516890031F7C8 /* Memol */,
				1663A6081AB5168A0031F7C8 /* MemolTests */,
				1663A5F11AB516890031F7C8 /* Products */,
			);
			sourceTree = "<group>";
		};
		1663A5F11AB516890031F7C8 /* Products */ = {
			isa = PBXGroup;
			children = (
				1663A5F01AB516890031F7C8 /* Memol.app */,
				1663A6051AB5168A0031F7C8 /* MemolTests.xctest */,
			);
			name = Products;
			sourceTree = "<group>";
		};
		1663A5F21AB516890031F7C8 /* Memol */ = {
			isa = PBXGroup;
			children = (
				1663A5F51AB516890031F7C8 /* AppDelegate.swift */,
				1663A5F71AB516890031F7C8 /* ViewController.swift */,
				1663A5F91AB516890031F7C8 /* Main.storyboard */,
				1663A5FC1AB516890031F7C8 /* Images.xcassets */,
				1663A5FE1AB516890031F7C8 /* LaunchScreen.xib */,
				1663A5F31AB516890031F7C8 /* Supporting Files */,
			);
			path = Memol;
			sourceTree = "<group>";
		};
		1663A5F31AB516890031F7C8 /* Supporting Files */ = {
			isa = PBXGroup;
			children = (
				1663A5F41AB516890031F7C8 /* Info.plist */,
			);
			name = "Supporting Files";
			sourceTree = "<group>";
		};
		1663A6081AB5168A0031F7C8 /* MemolTests */ = {
			isa = PBXGroup;
			children = (
				1663A60B1AB5168A0031F7C8 /* MemolTests.swift */,
				1663A6091AB5168A0031F7C8 /* Supporting Files */,
			);
			path = MemolTests;
			sourceTree = "<group>";
		};
		1663A6091AB5168A0031F7C8 /* Supporting Files */ = {
			isa = PBXGroup;
			children = (
				1663A60A1AB5168A0031F7C8 /* Info.plist */,
			);
			name = "Supporting Files";
			sourceTree = "<group>";
		};
/* End PBXGroup section */

/* Begin PBXNativeTarget section */
		1663A5EF1AB516890031F7C8 /* Memol */ = {
			isa = PBXNativeTarget;
			buildConfigurationList = 1663A60F1AB5168A0031F7C8 /* Build configuration list for PBXNativeTarget "Memol" */;
			buildPhases = (
				1663A5EC1AB516890031F7C8 /* Sources */,
				1663A5ED1AB516890031F7C8 /* Frameworks */,
				1663A5EE1AB516890031F7C8 /* Resources */,
			);
			buildRules = (
			);
			dependencies = (
			);
			name = Memol;
			productName = Memol;
			productReference = 1663A5F01AB516890031F7C8 /* Memol.app */;
			productType = "com.apple.product-type.application";
		};
		1663A6041AB5168A0031F7C8 /* MemolTests */ = {
			isa = PBXNativeTarget;
			buildConfigurationList = 1663A6121AB5168A0031F7C8 /* Build configuration list for PBXNativeTarget "MemolTests" */;
			buildPhases = (
				1663A6011AB5168A0031F7C8 /* Sources */,
				1663A6021AB5168A0031F7C8 /* Frameworks */,
				1663A6031AB5168A0031F7C8 /* Resources */,
			);
			buildRules = (
			);
			dependencies = (
				1663A6071AB5168A0031F7C8 /* PBXTargetDependency */,
			);
			name = MemolTests;
			productName = MemolTests;
			productReference = 1663A6051AB5168A0031F7C8 /* MemolTests.xctest */;
			productType = "com.apple.product-type.bundle.unit-test";
		};
/* End PBXNativeTarget section */

/* Begin PBXProject section */
		1663A5E81AB516890031F7C8 /* Project object */ = {
			isa = PBXProject;
			attributes = {
				LastUpgradeCheck = 0620;
				ORGANIZATIONNAME = "OCHIISHI Koichiro";
				TargetAttributes = {
					1663A5EF1AB516890031F7C8 = {
						CreatedOnToolsVersion = 6.2;
					};
					1663A6041AB5168A0031F7C8 = {
						CreatedOnToolsVersion = 6.2;
						TestTargetID = 1663A5EF1AB516890031F7C8;
					};
				};
			};
			buildConfigurationList = 1663A5EB1AB516890031F7C8 /* Build configuration list for PBXProject "Memol" */;
			compatibilityVersion = "Xcode 3.2";
			developmentRegion = English;
			hasScannedForEncodings = 0;
			knownRegions = (
				en,
				Base,
			);
			mainGroup = 1663A5E71AB516890031F7C8;
			productRefGroup = 1663A5F11AB516890031F7C8 /* Products */;
			projectDirPath = "";
			projectRoot = "";
			targets = (
				1663A5EF1AB516890031F7C8 /* Memol */,
				1663A6041AB5168A0031F7C8 /* MemolTests */,
			);
		};
/* End PBXProject section */

/* Begin PBXResourcesBuildPhase section */
		1663A5EE1AB516890031F7C8 /* Resources */ = {
			isa = PBXResourcesBuildPhase;
			buildActionMask = 2147483647;
			files = (
				1663A5FB1AB516890031F7C8 /* Main.storyboard in Resources */,
				1663A6001AB516890031F7C8 /* LaunchScreen.xib in Resources */,
				1663A5FD1AB516890031F7C8 /* Images.xcassets in Resources */,
			);
			runOnlyForDeploymentPostprocessing = 0;
		};
		1663A6031AB5168A0031F7C8 /* Resources */ = {
			isa = PBXResourcesBuildPhase;
			buildActionMask = 2147483647;
			files = (
			);
			runOnlyForDeploymentPostprocessing = 0;
		};
/* End PBXResourcesBuildPhase section */

/* Begin PBXSourcesBuildPhase section */
		1663A5EC1AB516890031F7C8 /* Sources */ = {
			isa = PBXSourcesBuildPhase;
			buildActionMask = 2147483647;
			files = (
				1663A5F81AB516890031F7C8 /* ViewController.swift in Sources */,
				1663A5F61AB516890031F7C8 /* AppDelegate.swift in Sources */,
			);
			runOnlyForDeploymentPostprocessing = 0;
		};
		1663A6011AB5168A0031F7C8 /* Sources */ = {
			isa = PBXSourcesBuildPhase;
			buildActionMask = 2147483647;
			files = (
				1663A60C1AB5168A0031F7C8 /* MemolTests.swift in Sources */,
			);
			runOnlyForDeploymentPostprocessing = 0;
		};
/* End PBXSourcesBuildPhase section */

/* Begin PBXTargetDependency section */
		1663A6071AB5168A0031F7C8 /* PBXTargetDependency */ = {
			isa = PBXTargetDependency;
			target = 1663A5EF1AB516890031F7C8 /* Memol */;
			targetProxy = 1663A6061AB5168A0031F7C8 /* PBXContainerItemProxy */;
		};
/* End PBXTargetDependency section */

/* Begin PBXVariantGroup section */
		1663A5F91AB516890031F7C8 /* Main.storyboard */ = {
			isa = PBXVariantGroup;
			children = (
				1663A5FA1AB516890031F7C8 /* Base */,
			);
			name = Main.storyboard;
			sourceTree = "<group>";
		};
		1663A5FE1AB516890031F7C8 /* LaunchScreen.xib */ = {
			isa = PBXVariantGroup;
			children = (
				1663A5FF1AB516890031F7C8 /* Base */,
			);
			name = LaunchScreen.xib;
			sourceTree = "<group>";
		};
/* End PBXVariantGroup section */

/* Begin XCBuildConfiguration section */
		1663A60D1AB5168A0031F7C8 /* Debug */ = {
			isa = XCBuildConfiguration;
			buildSettings = {
				ALWAYS_SEARCH_USER_PATHS = NO;
				CLANG_CXX_LANGUAGE_STANDARD = "gnu++0x";
				CLANG_CXX_LIBRARY = "libc++";
				CLANG_ENABLE_MODULES = YES;
				CLANG_ENABLE_OBJC_ARC = YES;
				CLANG_WARN_BOOL_CONVERSION = YES;
				CLANG_WARN_CONSTANT_CONVERSION = YES;
				CLANG_WARN_DIRECT_OBJC_ISA_USAGE = YES_ERROR;
				CLANG_WARN_EMPTY_BODY = YES;
				CLANG_WARN_ENUM_CONVERSION = YES;
				CLANG_WARN_INT_CONVERSION = YES;
				CLANG_WARN_OBJC_ROOT_CLASS = YES_ERROR;
				CLANG_WARN_UNREACHABLE_CODE = YES;
				CLANG_WARN__DUPLICATE_METHOD_MATCH = YES;
				"CODE_SIGN_IDENTITY[sdk=iphoneos*]" = "iPhone Developer";
				COPY_PHASE_STRIP = NO;
				ENABLE_STRICT_OBJC_MSGSEND = YES;
				GCC_C_LANGUAGE_STANDARD = gnu99;
				GCC_DYNAMIC_NO_PIC = NO;
				GCC_OPTIMIZATION_LEVEL = 0;
				GCC_PREPROCESSOR_DEFINITIONS = (
					"DEBUG=1",
					"$(inherited)",
				);
				GCC_SYMBOLS_PRIVATE_EXTERN = NO;
				GCC_WARN_64_TO_32_BIT_CONVERSION = YES;
				GCC_WARN_ABOUT_RETURN_TYPE = YES_ERROR;
				GCC_WARN_UNDECLARED_SELECTOR = YES;
				GCC_WARN_UNINITIALIZED_AUTOS = YES_AGGRESSIVE;
				GCC_WARN_UNUSED_FUNCTION = YES;
				GCC_WARN_UNUSED_VARIABLE = YES;
				IPHONEOS_DEPLOYMENT_TARGET = 8.2;
				MTL_ENABLE_DEBUG_INFO = YES;
				ONLY_ACTIVE_ARCH = YES;
				SDKROOT = iphoneos;
				SWIFT_OPTIMIZATION_LEVEL = "-Onone";
			};
			name = Debug;
		};
		1663A60E1AB5168A0031F7C8 /* Release */ = {
			isa = XCBuildConfiguration;
			buildSettings = {
				ALWAYS_SEARCH_USER_PATHS = NO;
				CLANG_CXX_LANGUAGE_STANDARD = "gnu++0x";
				CLANG_CXX_LIBRARY = "libc++";
				CLANG_ENABLE_MODULES = YES;
				CLANG_ENABLE_OBJC_ARC = YES;
				CLANG_WARN_BOOL_CONVERSION = YES;
				CLANG_WARN_CONSTANT_CONVERSION = YES;
				CLANG_WARN_DIRECT_OBJC_ISA_USAGE = YES_ERROR;
				CLANG_WARN_EMPTY_BODY = YES;
				CLANG_WARN_ENUM_CONVERSION = YES;
				CLANG_WARN_INT_CONVERSION = YES;
				CLANG_WARN_OBJC_ROOT_CLASS = YES_ERROR;
				CLANG_WARN_UNREACHABLE_CODE = YES;
				CLANG_WARN__DUPLICATE_METHOD_MATCH = YES;
				"CODE_SIGN_IDENTITY[sdk=iphoneos*]" = "iPhone Developer";
				COPY_PHASE_STRIP = NO;
				ENABLE_NS_ASSERTIONS = NO;
				ENABLE_STRICT_OBJC_MSGSEND = YES;
				GCC_C_LANGUAGE_STANDARD = gnu99;
				GCC_WARN_64_TO_32_BIT_CONVERSION = YES;
				GCC_WARN_ABOUT_RETURN_TYPE = YES_ERROR;
				GCC_WARN_UNDECLARED_SELECTOR = YES;
				GCC_WARN_UNINITIALIZED_AUTOS = YES_AGGRESSIVE;
				GCC_WARN_UNUSED_FUNCTION = YES;
				GCC_WARN_UNUSED_VARIABLE = YES;
				IPHONEOS_DEPLOYMENT_TARGET = 8.2;
				MTL_ENABLE_DEBUG_INFO = NO;
				SDKROOT = iphoneos;
				VALIDATE_PRODUCT = YES;
			};
			name = Release;
		};
		1663A6101AB5168A0031F7C8 /* Debug */ = {
			isa = XCBuildConfiguration;
			buildSettings = {
				ASSETCATALOG_COMPILER_APPICON_NAME = AppIcon;
				INFOPLIST_FILE = Memol/Info.plist;
				LD_RUNPATH_SEARCH_PATHS = "$(inherited) @executable_path/Frameworks";
				PRODUCT_NAME = "$(TARGET_NAME)";
			};
			name = Debug;
		};
		1663A6111AB5168A0031F7C8 /* Release */ = {
			isa = XCBuildConfiguration;
			buildSettings = {
				ASSETCATALOG_COMPILER_APPICON_NAME = AppIcon;
				INFOPLIST_FILE = Memol/Info.plist;
				LD_RUNPATH_SEARCH_PATHS = "$(inherited) @executable_path/Frameworks";
				PRODUCT_NAME = "$(TARGET_NAME)";
			};
			name = Release;
		};
		1663A6131AB5168A0031F7C8 /* Debug */ = {
			isa = XCBuildConfiguration;
			buildSettings = {
				BUNDLE_LOADER = "$(TEST_HOST)";
				FRAMEWORK_SEARCH_PATHS = (
					"$(SDKROOT)/Developer/Library/Frameworks",
					"$(inherited)",
				);
				GCC_PREPROCESSOR_DEFINITIONS = (
					"DEBUG=1",
					"$(inherited)",
				);
				INFOPLIST_FILE = MemolTests/Info.plist;
				LD_RUNPATH_SEARCH_PATHS = "$(inherited) @executable_path/Frameworks @loader_path/Frameworks";
				PRODUCT_NAME = "$(TARGET_NAME)";
				TEST_HOST = "$(BUILT_PRODUCTS_DIR)/Memol.app/Memol";
			};
			name = Debug;
		};
		1663A6141AB5168A0031F7C8 /* Release */ = {
			isa = XCBuildConfiguration;
			buildSettings = {
				BUNDLE_LOADER = "$(TEST_HOST)";
				FRAMEWORK_SEARCH_PATHS = (
					"$(SDKROOT)/Developer/Library/Frameworks",
					"$(inherited)",
				);
				INFOPLIST_FILE = MemolTests/Info.plist;
				LD_RUNPATH_SEARCH_PATHS = "$(inherited) @executable_path/Frameworks @loader_path/Frameworks";
				PRODUCT_NAME = "$(TARGET_NAME)";
				TEST_HOST = "$(BUILT_PRODUCTS_DIR)/Memol.app/Memol";
			};
			name = Release;
		};
/* End XCBuildConfiguration section */

/* Begin XCConfigurationList section */
		1663A5EB1AB516890031F7C8 /* Build configuration list for PBXProject "Memol" */ = {
			isa = XCConfigurationList;
			buildConfigurations = (
				1663A60D1AB5168A0031F7C8 /* Debug */,
				1663A60E1AB5168A0031F7C8 /* Release */,
			);
			defaultConfigurationIsVisible = 0;
			defaultConfigurationName = Release;
		};
		1663A60F1AB5168A0031F7C8 /* Build configuration list for PBXNativeTarget "Memol" */ = {
			isa = XCConfigurationList;
			buildConfigurations = (
				1663A6101AB5168A0031F7C8 /* Debug */,
				1663A6111AB5168A0031F7C8 /* Release */,
			);
			defaultConfigurationIsVisible = 0;
		};
		1663A6121AB5168A0031F7C8 /* Build configuration list for PBXNativeTarget "MemolTests" */ = {
			isa = XCConfigurationList;
			buildConfigurations = (
				1663A6131AB5168A0031F7C8 /* Debug */,
				1663A6141AB5168A0031F7C8 /* Release */,
			);
			defaultConfigurationIsVisible = 0;
		};
/* End XCConfigurationList section */
	};
	rootObject = 1663A5E81AB516890031F7C8 /* Project object */;
}
